// !$*UTF8*$!
{
	archiveVersion = 1;
	classes = {
	};
	objectVersion = 46;
	objects = {

/* Begin PBXBuildFile section */
		C07655BD1BDF8C2B00423B0B /* AppDelegate.swift in Sources */ = {isa = PBXBuildFile; fileRef = C07655BC1BDF8C2B00423B0B /* AppDelegate.swift */; };
		C07655BF1BDF8C2B00423B0B /* ViewController.swift in Sources */ = {isa = PBXBuildFile; fileRef = C07655BE1BDF8C2B00423B0B /* ViewController.swift */; };
		C07655C21BDF8C2B00423B0B /* Main.storyboard in Resources */ = {isa = PBXBuildFile; fileRef = C07655C01BDF8C2B00423B0B /* Main.storyboard */; };
		C07655C41BDF8C2B00423B0B /* Assets.xcassets in Resources */ = {isa = PBXBuildFile; fileRef = C07655C31BDF8C2B00423B0B /* Assets.xcassets */; };
		C07655C71BDF8C2B00423B0B /* LaunchScreen.storyboard in Resources */ = {isa = PBXBuildFile; fileRef = C07655C51BDF8C2B00423B0B /* LaunchScreen.storyboard */; };
		C07655CF1BDF8CCC00423B0B /* AdSupport.framework in Frameworks */ = {isa = PBXBuildFile; fileRef = C07655CE1BDF8CCC00423B0B /* AdSupport.framework */; };
/* End PBXBuildFile section */

/* Begin PBXFileReference section */
		C07655B91BDF8C2B00423B0B /* IDFASample.app */ = {isa = PBXFileReference; explicitFileType = wrapper.application; includeInIndex = 0; path = IDFASample.app; sourceTree = BUILT_PRODUCTS_DIR; };
		C07655BC1BDF8C2B00423B0B /* AppDelegate.swift */ = {isa = PBXFileReference; lastKnownFileType = sourcecode.swift; path = AppDelegate.swift; sourceTree = "<group>"; };
		C07655BE1BDF8C2B00423B0B /* ViewController.swift */ = {isa = PBXFileReference; lastKnownFileType = sourcecode.swift; path = ViewController.swift; sourceTree = "<group>"; };
		C07655C11BDF8C2B00423B0B /* Base */ = {isa = PBXFileReference; lastKnownFileType = file.storyboard; name = Base; path = Base.lproj/Main.storyboard; sourceTree = "<group>"; };
		C07655C31BDF8C2B00423B0B /* Assets.xcassets */ = {isa = PBXFileReference; lastKnownFileType = folder.assetcatalog; path = Assets.xcassets; sourceTree = "<group>"; };
		C07655C61BDF8C2B00423B0B /* Base */ = {isa = PBXFileReference; lastKnownFileType = file.storyboard; name = Base; path = Base.lproj/LaunchScreen.storyboard; sourceTree = "<group>"; };
		C07655C81BDF8C2B00423B0B /* Info.plist */ = {isa = PBXFileReference; lastKnownFileType = text.plist.xml; path = Info.plist; sourceTree = "<group>"; };
		C07655CE1BDF8CCC00423B0B /* AdSupport.framework */ = {isa = PBXFileReference; lastKnownFileType = wrapper.framework; name = AdSupport.framework; path = System/Library/Frameworks/AdSupport.framework; sourceTree = SDKROOT; };
/* End PBXFileReference section */

/* Begin PBXFrameworksBuildPhase section */
		C07655B61BDF8C2B00423B0B /* Frameworks */ = {
			isa = PBXFrameworksBuildPhase;
			buildActionMask = 2147483647;
			files = (
				C07655CF1BDF8CCC00423B0B /* AdSupport.framework in Frameworks */,
			);
			runOnlyForDeploymentPostprocessing = 0;
		};
/* End PBXFrameworksBuildPhase section */

/* Begin PBXGroup section */
		C07655B01BDF8C2B00423B0B = {
			isa = PBXGroup;
			children = (
				C07655CE1BDF8CCC00423B0B /* AdSupport.framework */,
				C07655BB1BDF8C2B00423B0B /* IDFASample */,
				C07655BA1BDF8C2B00423B0B /* Products */,
			);
			sourceTree = "<group>";
		};
		C07655BA1BDF8C2B00423B0B /* Products */ = {
			isa = PBXGroup;
			children = (
				C07655B91BDF8C2B00423B0B /* IDFASample.app */,
			);
			name = Products;
			sourceTree = "<group>";
		};
		C07655BB1BDF8C2B00423B0B /* IDFASample */ = {
			isa = PBXGroup;
			children = (
				C07655BC1BDF8C2B00423B0B /* AppDelegate.swift */,
				C07655BE1BDF8C2B00423B0B /* ViewController.swift */,
				C07655C01BDF8C2B00423B0B /* Main.storyboard */,
				C07655C31BDF8C2B00423B0B /* Assets.xcassets */,
				C07655C51BDF8C2B00423B0B /* LaunchScreen.storyboard */,
				C07655C81BDF8C2B00423B0B /* Info.plist */,
			);
			path = IDFASample;
			sourceTree = "<group>";
		};
/* End PBXGroup section */

/* Begin PBXNativeTarget section */
		C07655B81BDF8C2B00423B0B /* IDFASample */ = {
			isa = PBXNativeTarget;
			buildConfigurationList = C07655CB1BDF8C2B00423B0B /* Build configuration list for PBXNativeTarget "IDFASample" */;
			buildPhases = (
				C07655B51BDF8C2B00423B0B /* Sources */,
				C07655B61BDF8C2B00423B0B /* Frameworks */,
				C07655B71BDF8C2B00423B0B /* Resources */,
			);
			buildRules = (
			);
			dependencies = (
			);
			name = IDFASample;
			productName = IDFASample;
			productReference = C07655B91BDF8C2B00423B0B /* IDFASample.app */;
			productType = "com.apple.product-type.application";
		};
/* End PBXNativeTarget section */

/* Begin PBXProject section */
		C07655B11BDF8C2B00423B0B /* Project object */ = {
			isa = PBXProject;
			attributes = {
				LastUpgradeCheck = 0700;
				ORGANIZATIONNAME = "Senthil Kumar";
				TargetAttributes = {
					C07655B81BDF8C2B00423B0B = {
						CreatedOnToolsVersion = 7.0;
					};
				};
			};
			buildConfigurationList = C07655B41BDF8C2B00423B0B /* Build configuration list for PBXProject "IDFASample" */;
			compatibilityVersion = "Xcode 3.2";
			developmentRegion = English;
			hasScannedForEncodings = 0;
			knownRegions = (
				en,
				Base,
			);
			mainGroup = C07655B01BDF8C2B00423B0B;
			productRefGroup = C07655BA1BDF8C2B00423B0B /* Products */;
			projectDirPath = "";
			projectRoot = "";
			targets = (
				C07655B81BDF8C2B00423B0B /* IDFASample */,
			);
		};
/* End PBXProject section */

/* Begin PBXResourcesBuildPhase section */
		C07655B71BDF8C2B00423B0B /* Resources */ = {
			isa = PBXResourcesBuildPhase;
			buildActionMask = 2147483647;
			files = (
				C07655C71BDF8C2B00423B0B /* LaunchScreen.storyboard in Resources */,
				C07655C41BDF8C2B00423B0B /* Assets.xcassets in Resources */,
				C07655C21BDF8C2B00423B0B /* Main.storyboard in Resources */,
			);
			runOnlyForDeploymentPostprocessing = 0;
		};
/* End PBXResourcesBuildPhase section */

/* Begin PBXSourcesBuildPhase section */
		C07655B51BDF8C2B00423B0B /* Sources */ = {
			isa = PBXSourcesBuildPhase;
			buildActionMask = 2147483647;
			files = (
				C07655BF1BDF8C2B00423B0B /* ViewController.swift in Sources */,
				C07655BD1BDF8C2B00423B0B /* AppDelegate.swift in Sources */,
			);
			runOnlyForDeploymentPostprocessing = 0;
		};
/* End PBXSourcesBuildPhase section */

/* Begin PBXVariantGroup section */
		C07655C01BDF8C2B00423B0B /* Main.storyboard */ = {
			isa = PBXVariantGroup;
			children = (
				C07655C11BDF8C2B00423B0B /* Base */,
			);
			name = Main.storyboard;
			sourceTree = "<group>";
		};
		C07655C51BDF8C2B00423B0B /* LaunchScreen.storyboard */ = {
			isa = PBXVariantGroup;
			children = (
				C07655C61BDF8C2B00423B0B /* Base */,
			);
			name = LaunchScreen.storyboard;
			sourceTree = "<group>";
		};
/* End PBXVariantGroup section */

/* Begin XCBuildConfiguration section */
		C07655C91BDF8C2B00423B0B /* Debug */ = {
			isa = XCBuildConfiguration;
			buildSettings = {
				ALWAYS_SEARCH_USER_PATHS = NO;
				CLANG_CXX_LANGUAGE_STANDARD = "gnu++0x";
				CLANG_CXX_LIBRARY = "libc++";
				CLANG_ENABLE_MODULES = YES;
				CLANG_ENABLE_OBJC_ARC = YES;
				CLANG_WARN_BOOL_CONVERSION = YES;
				CLANG_WARN_CONSTANT_CONVERSION = YES;
				CLANG_WARN_DIRECT_OBJC_ISA_USAGE = YES_ERROR;
				CLANG_WARN_EMPTY_BODY = YES;
				CLANG_WARN_ENUM_CONVERSION = YES;
				CLANG_WARN_INT_CONVERSION = YES;
				CLANG_WARN_OBJC_ROOT_CLASS = YES_ERROR;
				CLANG_WARN_UNREACHABLE_CODE = YES;
				CLANG_WARN__DUPLICATE_METHOD_MATCH = YES;
				"CODE_SIGN_IDENTITY[sdk=iphoneos*]" = "iPhone Developer";
				COPY_PHASE_STRIP = NO;
				DEBUG_INFORMATION_FORMAT = dwarf;
				ENABLE_STRICT_OBJC_MSGSEND = YES;
				ENABLE_TESTABILITY = YES;
				GCC_C_LANGUAGE_STANDARD = gnu99;
				GCC_DYNAMIC_NO_PIC = NO;
				GCC_NO_COMMON_BLOCKS = YES;
				GCC_OPTIMIZATION_LEVEL = 0;
				GCC_PREPROCESSOR_DEFINITIONS = (
					"DEBUG=1",
					"$(inherited)",
				);
				GCC_WARN_64_TO_32_BIT_CONVERSION = YES;
				GCC_WARN_ABOUT_RETURN_TYPE = YES_ERROR;
				GCC_WARN_UNDECLARED_SELECTOR = YES;
				GCC_WARN_UNINITIALIZED_AUTOS = YES_AGGRESSIVE;
				GCC_WARN_UNUSED_FUNCTION = YES;
				GCC_WARN_UNUSED_VARIABLE = YES;
				IPHONEOS_DEPLOYMENT_TARGET = 9.0;
				MTL_ENABLE_DEBUG_INFO = YES;
				ONLY_ACTIVE_ARCH = YES;
				SDKROOT = iphoneos;
				SWIFT_OPTIMIZATION_LEVEL = "-Onone";
			};
			name = Debug;
		};
		C07655CA1BDF8C2B00423B0B /* Release */ = {
			isa = XCBuildConfiguration;
			buildSettings = {
				ALWAYS_SEARCH_USER_PATHS = NO;
				CLANG_CXX_LANGUAGE_STANDARD = "gnu++0x";
				CLANG_CXX_LIBRARY = "libc++";
				CLANG_ENABLE_MODULES = YES;
				CLANG_ENABLE_OBJC_ARC = YES;
				CLANG_WARN_BOOL_CONVERSION = YES;
				CLANG_WARN_CONSTANT_CONVERSION = YES;
				CLANG_WARN_DIRECT_OBJC_ISA_USAGE = YES_ERROR;
				CLANG_WARN_EMPTY_BODY = YES;
				CLANG_WARN_ENUM_CONVERSION = YES;
				CLANG_WARN_INT_CONVERSION = YES;
				CLANG_WARN_OBJC_ROOT_CLASS = YES_ERROR;
				CLANG_WARN_UNREACHABLE_CODE = YES;
				CLANG_WARN__DUPLICATE_METHOD_MATCH = YES;
				"CODE_SIGN_IDENTITY[sdk=iphoneos*]" = "iPhone Developer";
				COPY_PHASE_STRIP = NO;
				DEBUG_INFORMATION_FORMAT = "dwarf-with-dsym";
				ENABLE_NS_ASSERTIONS = NO;
				ENABLE_STRICT_OBJC_MSGSEND = YES;
				GCC_C_LANGUAGE_STANDARD = gnu99;
				GCC_NO_COMMON_BLOCKS = YES;
				GCC_WARN_64_TO_32_BIT_CONVERSION = YES;
				GCC_WARN_ABOUT_RETURN_TYPE = YES_ERROR;
				GCC_WARN_UNDECLARED_SELECTOR = YES;
				GCC_WARN_UNINITIALIZED_AUTOS = YES_AGGRESSIVE;
				GCC_WARN_UNUSED_FUNCTION = YES;
				GCC_WARN_UNUSED_VARIABLE = YES;
				IPHONEOS_DEPLOYMENT_TARGET = 9.0;
				MTL_ENABLE_DEBUG_INFO = NO;
				SDKROOT = iphoneos;
				VALIDATE_PRODUCT = YES;
			};
			name = Release;
		};
		C07655CC1BDF8C2B00423B0B /* Debug */ = {
			isa = XCBuildConfiguration;
			buildSettings = {
				ASSETCATALOG_COMPILER_APPICON_NAME = AppIcon;
				INFOPLIST_FILE = IDFASample/Info.plist;
				LD_RUNPATH_SEARCH_PATHS = "$(inherited) @executable_path/Frameworks";
				PRODUCT_BUNDLE_IDENTIFIER = Fetchr.IDFASample;
				PRODUCT_NAME = "$(TARGET_NAME)";
			};
			name = Debug;
		};
		C07655CD1BDF8C2B00423B0B /* Release */ = {
			isa = XCBuildConfiguration;
			buildSettings = {
				ASSETCATALOG_COMPILER_APPICON_NAME = AppIcon;
				INFOPLIST_FILE = IDFASample/Info.plist;
				LD_RUNPATH_SEARCH_PATHS = "$(inherited) @executable_path/Frameworks";
				PRODUCT_BUNDLE_IDENTIFIER = Fetchr.IDFASample;
				PRODUCT_NAME = "$(TARGET_NAME)";
			};
			name = Release;
		};
/* End XCBuildConfiguration section */

/* Begin XCConfigurationList section */
		C07655B41BDF8C2B00423B0B /* Build configuration list for PBXProject "IDFASample" */ = {
			isa = XCConfigurationList;
			buildConfigurations = (
				C07655C91BDF8C2B00423B0B /* Debug */,
				C07655CA1BDF8C2B00423B0B /* Release */,
			);
			defaultConfigurationIsVisible = 0;
			defaultConfigurationName = Release;
		};
		C07655CB1BDF8C2B00423B0B /* Build configuration list for PBXNativeTarget "IDFASample" */ = {
			isa = XCConfigurationList;
			buildConfigurations = (
				C07655CC1BDF8C2B00423B0B /* Debug */,
				C07655CD1BDF8C2B00423B0B /* Release */,
			);
			defaultConfigurationIsVisible = 0;
		};
/* End XCConfigurationList section */
	};
	rootObject = C07655B11BDF8C2B00423B0B /* Project object */;
}
